
Microsoft Visual Studio Solution File, Format Version 12.00
# Visual Studio Version 17
VisualStudioVersion = 17.0.31903.59
MinimumVisualStudioVersion = 10.0.40219.1
Project("{FAE04EC0-301F-11D3-BF4B-00C04F79EFBC}") = "Sonae.GestaoEncomendas.MVC", "Sonae.GestaoEncomendas.MVC\Sonae.GestaoEncomendas.MVC.csproj", "{8455FA89-382B-4A3A-A4BC-0CDE354E880D}"
EndProject
Project("{FAE04EC0-301F-11D3-BF4B-00C04F79EFBC}") = "Sonae.GestaoEncomendas.Tests", "Sonae.GestaoEncomendas.Tests\Sonae.GestaoEncomendas.Tests.csproj", "{B8BC4505-A0FF-4F27-8110-1B84FEFECBBE}"
EndProject
Global
	GlobalSection(SolutionConfigurationPlatforms) = preSolution
		Debug|Any CPU = Debug|Any CPU
		Release|Any CPU = Release|Any CPU
	EndGlobalSection
	GlobalSection(SolutionProperties) = preSolution
		HideSolutionNode = FALSE
	EndGlobalSection
	GlobalSection(ProjectConfigurationPlatforms) = postSolution
		{8455FA89-382B-4A3A-A4BC-0CDE354E880D}.Debug|Any CPU.ActiveCfg = Debug|Any CPU
		{8455FA89-382B-4A3A-A4BC-0CDE354E880D}.Debug|Any CPU.Build.0 = Debug|Any CPU
		{8455FA89-382B-4A3A-A4BC-0CDE354E880D}.Release|Any CPU.ActiveCfg = Release|Any CPU
		{8455FA89-382B-4A3A-A4BC-0CDE354E880D}.Release|Any CPU.Build.0 = Release|Any CPU
		{B8BC4505-A0FF-4F27-8110-1B84FEFECBBE}.Debug|Any CPU.ActiveCfg = Debug|Any CPU
		{B8BC4505-A0FF-4F27-8110-1B84FEFECBBE}.Debug|Any CPU.Build.0 = Debug|Any CPU
		{B8BC4505-A0FF-4F27-8110-1B84FEFECBBE}.Release|Any CPU.ActiveCfg = Release|Any CPU
		{B8BC4505-A0FF-4F27-8110-1B84FEFECBBE}.Release|Any CPU.Build.0 = Release|Any CPU
	EndGlobalSection
EndGlobal
